lockfileVersion: 5.4

specifiers:
  '@deck.gl/aggregation-layers': ^8.9.20
  '@deck.gl/core': ^8.8.0
  '@deck.gl/layers': ^8.8.0
  '@deck.gl/mapbox': ^8.8.0
  mapbox-gl: ^1.13.0
  vite: ^4.0.0

dependencies:
  '@deck.gl/aggregation-layers': 8.9.20_sl76blibbznohwnm4knc3wszpm
  '@deck.gl/core': 8.9.20
  '@deck.gl/layers': 8.9.20_a2enwt2pupl7qp2v3qmrcqm6ei
  '@deck.gl/mapbox': 8.9.20_@deck.gl+core@8.9.20
  mapbox-gl: 1.13.3

devDependencies:
  vite: 4.4.2

packages:

  /@babel/runtime/7.22.6:
    resolution: {integrity: sha512-wDb5pWm4WDdF6LFUde3Jl8WzPA+3ZbxYqkC6xAXuD3irdEHN1k0NfTRrJD8ZD378SJ61miMLCqIOXYhd8x+AJQ==}
    engines: {node: '>=6.9.0'}
    dependencies:
      regenerator-runtime: 0.13.11
    dev: false

  /@deck.gl/aggregation-layers/8.9.20_sl76blibbznohwnm4knc3wszpm:
    resolution: {integrity: sha512-k/pMDqIZkTvYyoZXSccniLCFfGIOmU/zc4cseqr8F93nhpBTbtoaZcZiCIdAJYypISHgZNWXUPDYWLFnCldu7Q==}
    peerDependencies:
      '@deck.gl/core': ^8.0.0
      '@deck.gl/layers': ^8.0.0
      '@luma.gl/core': ^8.0.0
    dependencies:
      '@deck.gl/core': 8.9.20
      '@deck.gl/layers': 8.9.20_a2enwt2pupl7qp2v3qmrcqm6ei
      '@luma.gl/constants': 8.5.20
      '@luma.gl/core': 8.5.20
      '@luma.gl/shadertools': 8.5.20
      '@math.gl/web-mercator': 3.6.3
      d3-hexbin: 0.2.2
    dev: false

  /@deck.gl/core/8.9.20:
    resolution: {integrity: sha512-RC4ODZ0+zn5C4hIG9JlXi1JNdMZJPgRDkUx7K2ulMXYOETkoIoah/yuhl2FcGOAz+k6mMkGdgd7JTsqfUyejYw==}
    dependencies:
      '@loaders.gl/core': 3.4.6
      '@loaders.gl/images': 3.4.6
      '@luma.gl/constants': 8.5.20
      '@luma.gl/core': 8.5.20
      '@luma.gl/webgl': 8.5.20
      '@math.gl/core': 3.6.3
      '@math.gl/sun': 3.6.3
      '@math.gl/web-mercator': 3.6.3
      '@probe.gl/env': 3.6.0
      '@probe.gl/log': 3.6.0
      '@probe.gl/stats': 3.6.0
      gl-matrix: 3.4.3
      math.gl: 3.6.3
      mjolnir.js: 2.7.1
    dev: false

  /@deck.gl/layers/8.9.20_a2enwt2pupl7qp2v3qmrcqm6ei:
    resolution: {integrity: sha512-KQQ8VsCGioxIOpcocIxUiATnxqwEzlPDznnj0Q47YIPzZWCRp4Ow2w9Nclne4wP1mCb25nuslCjyw5CgdxGXgQ==}
    peerDependencies:
      '@deck.gl/core': ^8.0.0
      '@loaders.gl/core': ^3.4.2
      '@luma.gl/core': ^8.0.0
    dependencies:
      '@deck.gl/core': 8.9.20
      '@loaders.gl/core': 3.4.6
      '@loaders.gl/images': 3.4.6
      '@loaders.gl/schema': 3.4.6
      '@luma.gl/constants': 8.5.20
      '@luma.gl/core': 8.5.20
      '@mapbox/tiny-sdf': 2.0.6
      '@math.gl/core': 3.6.3
      '@math.gl/polygon': 3.6.3
      '@math.gl/web-mercator': 3.6.3
      earcut: 2.2.4
    dev: false

  /@deck.gl/mapbox/8.9.20_@deck.gl+core@8.9.20:
    resolution: {integrity: sha512-5yWYcOJ6lSxf1+ujDvMp3kfSnzP3+sC4KHzmeY9eJ4BogiZ4m/SKrnGGIrrTnFO9py2KqqtCoCEplyKR9kWbig==}
    peerDependencies:
      '@deck.gl/core': ^8.0.0
    dependencies:
      '@deck.gl/core': 8.9.20
      '@types/mapbox-gl': 2.7.11
    dev: false

  /@esbuild/android-arm/0.18.11:
    resolution: {integrity: sha512-q4qlUf5ucwbUJZXF5tEQ8LF7y0Nk4P58hOsGk3ucY0oCwgQqAnqXVbUuahCddVHfrxmpyewRpiTHwVHIETYu7Q==}
    engines: {node: '>=12'}
    cpu: [arm]
    os: [android]
    requiresBuild: true
    dev: true
    optional: true

  /@esbuild/android-arm64/0.18.11:
    resolution: {integrity: sha512-snieiq75Z1z5LJX9cduSAjUr7vEI1OdlzFPMw0HH5YI7qQHDd3qs+WZoMrWYDsfRJSq36lIA6mfZBkvL46KoIw==}
    engines: {node: '>=12'}
    cpu: [arm64]
    os: [android]
    requiresBuild: true
    dev: true
    optional: true

  /@esbuild/android-x64/0.18.11:
    resolution: {integrity: sha512-iPuoxQEV34+hTF6FT7om+Qwziv1U519lEOvekXO9zaMMlT9+XneAhKL32DW3H7okrCOBQ44BMihE8dclbZtTuw==}
    engines: {node: '>=12'}
    cpu: [x64]
    os: [android]
    requiresBuild: true
    dev: true
    optional: true

  /@esbuild/darwin-arm64/0.18.11:
    resolution: {integrity: sha512-Gm0QkI3k402OpfMKyQEEMG0RuW2LQsSmI6OeO4El2ojJMoF5NLYb3qMIjvbG/lbMeLOGiW6ooU8xqc+S0fgz2w==}
    engines: {node: '>=12'}
    cpu: [arm64]
    os: [darwin]
    requiresBuild: true
    dev: true
    optional: true

  /@esbuild/darwin-x64/0.18.11:
    resolution: {integrity: sha512-N15Vzy0YNHu6cfyDOjiyfJlRJCB/ngKOAvoBf1qybG3eOq0SL2Lutzz9N7DYUbb7Q23XtHPn6lMDF6uWbGv9Fw==}
    engines: {node: '>=12'}
    cpu: [x64]
    os: [darwin]
    requiresBuild: true
    dev: true
    optional: true

  /@esbuild/freebsd-arm64/0.18.11:
    resolution: {integrity: sha512-atEyuq6a3omEY5qAh5jIORWk8MzFnCpSTUruBgeyN9jZq1K/QI9uke0ATi3MHu4L8c59CnIi4+1jDKMuqmR71A==}
    engines: {node: '>=12'}
    cpu: [arm64]
    os: [freebsd]
    requiresBuild: true
    dev: true
    optional: true

  /@esbuild/freebsd-x64/0.18.11:
    resolution: {integrity: sha512-XtuPrEfBj/YYYnAAB7KcorzzpGTvOr/dTtXPGesRfmflqhA4LMF0Gh/n5+a9JBzPuJ+CGk17CA++Hmr1F/gI0Q==}
    engines: {node: '>=12'}
    cpu: [x64]
    os: [freebsd]
    requiresBuild: true
    dev: true
    optional: true

  /@esbuild/linux-arm/0.18.11:
    resolution: {integrity: sha512-Idipz+Taso/toi2ETugShXjQ3S59b6m62KmLHkJlSq/cBejixmIydqrtM2XTvNCywFl3VC7SreSf6NV0i6sRyg==}
    engines: {node: '>=12'}
    cpu: [arm]
    os: [linux]
    requiresBuild: true
    dev: true
    optional: true

  /@esbuild/linux-arm64/0.18.11:
    resolution: {integrity: sha512-c6Vh2WS9VFKxKZ2TvJdA7gdy0n6eSy+yunBvv4aqNCEhSWVor1TU43wNRp2YLO9Vng2G+W94aRz+ILDSwAiYog==}
    engines: {node: '>=12'}
    cpu: [arm64]
    os: [linux]
    requiresBuild: true
    dev: true
    optional: true

  /@esbuild/linux-ia32/0.18.11:
    resolution: {integrity: sha512-S3hkIF6KUqRh9n1Q0dSyYcWmcVa9Cg+mSoZEfFuzoYXXsk6196qndrM+ZiHNwpZKi3XOXpShZZ+9dfN5ykqjjw==}
    engines: {node: '>=12'}
    cpu: [ia32]
    os: [linux]
    requiresBuild: true
    dev: true
    optional: true

  /@esbuild/linux-loong64/0.18.11:
    resolution: {integrity: sha512-MRESANOoObQINBA+RMZW+Z0TJWpibtE7cPFnahzyQHDCA9X9LOmGh68MVimZlM9J8n5Ia8lU773te6O3ILW8kw==}
    engines: {node: '>=12'}
    cpu: [loong64]
    os: [linux]
    requiresBuild: true
    dev: true
    optional: true

  /@esbuild/linux-mips64el/0.18.11:
    resolution: {integrity: sha512-qVyPIZrXNMOLYegtD1u8EBccCrBVshxMrn5MkuFc3mEVsw7CCQHaqZ4jm9hbn4gWY95XFnb7i4SsT3eflxZsUg==}
    engines: {node: '>=12'}
    cpu: [mips64el]
    os: [linux]
    requiresBuild: true
    dev: true
    optional: true

  /@esbuild/linux-ppc64/0.18.11:
    resolution: {integrity: sha512-T3yd8vJXfPirZaUOoA9D2ZjxZX4Gr3QuC3GztBJA6PklLotc/7sXTOuuRkhE9W/5JvJP/K9b99ayPNAD+R+4qQ==}
    engines: {node: '>=12'}
    cpu: [ppc64]
    os: [linux]
    requiresBuild: true
    dev: true
    optional: true

  /@esbuild/linux-riscv64/0.18.11:
    resolution: {integrity: sha512-evUoRPWiwuFk++snjH9e2cAjF5VVSTj+Dnf+rkO/Q20tRqv+644279TZlPK8nUGunjPAtQRCj1jQkDAvL6rm2w==}
    engines: {node: '>=12'}
    cpu: [riscv64]
    os: [linux]
    requiresBuild: true
    dev: true
    optional: true

  /@esbuild/linux-s390x/0.18.11:
    resolution: {integrity: sha512-/SlRJ15XR6i93gRWquRxYCfhTeC5PdqEapKoLbX63PLCmAkXZHY2uQm2l9bN0oPHBsOw2IswRZctMYS0MijFcg==}
    engines: {node: '>=12'}
    cpu: [s390x]
    os: [linux]
    requiresBuild: true
    dev: true
    optional: true

  /@esbuild/linux-x64/0.18.11:
    resolution: {integrity: sha512-xcncej+wF16WEmIwPtCHi0qmx1FweBqgsRtEL1mSHLFR6/mb3GEZfLQnx+pUDfRDEM4DQF8dpXIW7eDOZl1IbA==}
    engines: {node: '>=12'}
    cpu: [x64]
    os: [linux]
    requiresBuild: true
    dev: true
    optional: true

  /@esbuild/netbsd-x64/0.18.11:
    resolution: {integrity: sha512-aSjMHj/F7BuS1CptSXNg6S3M4F3bLp5wfFPIJM+Km2NfIVfFKhdmfHF9frhiCLIGVzDziggqWll0B+9AUbud/Q==}
    engines: {node: '>=12'}
    cpu: [x64]
    os: [netbsd]
    requiresBuild: true
    dev: true
    optional: true

  /@esbuild/openbsd-x64/0.18.11:
    resolution: {integrity: sha512-tNBq+6XIBZtht0xJGv7IBB5XaSyvYPCm1PxJ33zLQONdZoLVM0bgGqUrXnJyiEguD9LU4AHiu+GCXy/Hm9LsdQ==}
    engines: {node: '>=12'}
    cpu: [x64]
    os: [openbsd]
    requiresBuild: true
    dev: true
    optional: true

  /@esbuild/sunos-x64/0.18.11:
    resolution: {integrity: sha512-kxfbDOrH4dHuAAOhr7D7EqaYf+W45LsAOOhAet99EyuxxQmjbk8M9N4ezHcEiCYPaiW8Dj3K26Z2V17Gt6p3ng==}
    engines: {node: '>=12'}
    cpu: [x64]
    os: [sunos]
    requiresBuild: true
    dev: true
    optional: true

  /@esbuild/win32-arm64/0.18.11:
    resolution: {integrity: sha512-Sh0dDRyk1Xi348idbal7lZyfSkjhJsdFeuC13zqdipsvMetlGiFQNdO+Yfp6f6B4FbyQm7qsk16yaZk25LChzg==}
    engines: {node: '>=12'}
    cpu: [arm64]
    os: [win32]
    requiresBuild: true
    dev: true
    optional: true

  /@esbuild/win32-ia32/0.18.11:
    resolution: {integrity: sha512-o9JUIKF1j0rqJTFbIoF4bXj6rvrTZYOrfRcGyL0Vm5uJ/j5CkBD/51tpdxe9lXEDouhRgdr/BYzUrDOvrWwJpg==}
    engines: {node: '>=12'}
    cpu: [ia32]
    os: [win32]
    requiresBuild: true
    dev: true
    optional: true

  /@esbuild/win32-x64/0.18.11:
    resolution: {integrity: sha512-rQI4cjLHd2hGsM1LqgDI7oOCYbQ6IBOVsX9ejuRMSze0GqXUG2ekwiKkiBU1pRGSeCqFFHxTrcEydB2Hyoz9CA==}
    engines: {node: '>=12'}
    cpu: [x64]
    os: [win32]
    requiresBuild: true
    dev: true
    optional: true

  /@loaders.gl/core/3.4.6:
    resolution: {integrity: sha512-9nang7w+McOg3ZippyFNz0+FuJu4bSkQkwpnIjUEr61JUiwpmRy5IakZP/LnmhZuzCy5+lDFj921md/l8Tduaw==}
    dependencies:
      '@babel/runtime': 7.22.6
      '@loaders.gl/loader-utils': 3.4.6
      '@loaders.gl/worker-utils': 3.4.6
      '@probe.gl/log': 4.0.4
    dev: false

  /@loaders.gl/images/3.4.6:
    resolution: {integrity: sha512-zwM6lXATGxxIe27X1gPyqcgXb6ql9gPkoNlb5pWOrF1D8DrFFjTJSLV9p6WGrVKMZKeioJ2PK8ZnkeRiOYkveA==}
    dependencies:
      '@loaders.gl/loader-utils': 3.4.6
    dev: false

  /@loaders.gl/loader-utils/3.4.6:
    resolution: {integrity: sha512-AN56Tvomas7bOZlrMEDforJWwS6DuXXFT/MsxOR/2vvzhutLDxYSuG4dZ9g5ejqJkiboDLAL3aghXXWekyToaw==}
    dependencies:
      '@babel/runtime': 7.22.6
      '@loaders.gl/worker-utils': 3.4.6
      '@probe.gl/stats': 4.0.4
    dev: false

  /@loaders.gl/schema/3.4.6:
    resolution: {integrity: sha512-uvToDknGCEL0TIZY1Rn76lQ0m22kUtVxE0HbgfgzwkT7dlXeT92F5yD4VVVL8qTX4oqh2xUySPQIaiAqdkGCvg==}
    dependencies:
      '@types/geojson': 7946.0.10
    dev: false

  /@loaders.gl/worker-utils/3.4.6:
    resolution: {integrity: sha512-1Ns2d5HbJ22u9PDfEqoDWhg2F3zyYZUCQBmfmSW9Yuxblt2M0pRyB01VvAhPCnLovldvesHu+o16FsgkqieybQ==}
    dependencies:
      '@babel/runtime': 7.22.6
    dev: false

  /@luma.gl/constants/8.5.20:
    resolution: {integrity: sha512-5yG+ybkUZ4j6kLPWMZjN4Hun2yLB0MyEpNCRKAUN9/yS9UIWA7unyVxjSf2vnE7k/7dywtxlbXegASNFgNVGxw==}
    dev: false

  /@luma.gl/core/8.5.20:
    resolution: {integrity: sha512-xJr96G6vhYcznYHC84fbeOG3fgNM4lFwj9bd0VPcg/Kfe8otUeN1Hl0AKHCCtNn48PiMSg3LKbaiRfNUMhaffQ==}
    dependencies:
      '@babel/runtime': 7.22.6
      '@luma.gl/constants': 8.5.20
      '@luma.gl/engine': 8.5.20
      '@luma.gl/gltools': 8.5.20
      '@luma.gl/shadertools': 8.5.20
      '@luma.gl/webgl': 8.5.20
    dev: false

  /@luma.gl/engine/8.5.20:
    resolution: {integrity: sha512-+0ryJ/4gL1pWaEgZimY21jUPt1LYiO6Cqte8TNUprCfAHoAStsuzD7jwgEqnM6jJOUEdIxQ3w0z3Dzw/0KIE+w==}
    dependencies:
      '@babel/runtime': 7.22.6
      '@luma.gl/constants': 8.5.20
      '@luma.gl/gltools': 8.5.20
      '@luma.gl/shadertools': 8.5.20
      '@luma.gl/webgl': 8.5.20
      '@math.gl/core': 3.6.3
      '@probe.gl/env': 3.6.0
      '@probe.gl/stats': 3.6.0
      '@types/offscreencanvas': 2019.7.0
    dev: false

  /@luma.gl/gltools/8.5.20:
    resolution: {integrity: sha512-5pP6ph9FSX5gHiVWQM1DmYRUnriklzKUG9yaqlQsKEqCFsOcKB0EfK3MfBVXIfsOdP/1bJZ9Dlz/zV19soWVhg==}
    dependencies:
      '@babel/runtime': 7.22.6
      '@luma.gl/constants': 8.5.20
      '@probe.gl/env': 3.6.0
      '@probe.gl/log': 3.6.0
      '@types/offscreencanvas': 2019.7.0
    dev: false

  /@luma.gl/shadertools/8.5.20:
    resolution: {integrity: sha512-q1lrCZy1ncIFb4mMjsYgISLzNP6eMnhLUY+Oltj/qjAMcPEssCeHN2+XGfP/CVtU+O7sC+5JY2bQGaTs6HQ/Qw==}
    dependencies:
      '@babel/runtime': 7.22.6
      '@math.gl/core': 3.6.3
    dev: false

  /@luma.gl/webgl/8.5.20:
    resolution: {integrity: sha512-p/kt9KztywH4l+09XHoZ4cPFOoE7xlZXIBMT8rxRVgfe1w0lvi7QYh4tOG7gk+iixQ34EyDQacoHCsabdpmqQg==}
    dependencies:
      '@babel/runtime': 7.22.6
      '@luma.gl/constants': 8.5.20
      '@luma.gl/gltools': 8.5.20
      '@probe.gl/env': 3.6.0
      '@probe.gl/stats': 3.6.0
    dev: false

  /@mapbox/geojson-rewind/0.5.2:
    resolution: {integrity: sha512-tJaT+RbYGJYStt7wI3cq4Nl4SXxG8W7JDG5DMJu97V25RnbNg3QtQtf+KD+VLjNpWKYsRvXDNmNrBgEETr1ifA==}
    hasBin: true
    dependencies:
      get-stream: 6.0.1
      minimist: 1.2.8
    dev: false

  /@mapbox/geojson-types/1.0.2:
    resolution: {integrity: sha512-e9EBqHHv3EORHrSfbR9DqecPNn+AmuAoQxV6aL8Xu30bJMJR1o8PZLZzpk1Wq7/NfCbuhmakHTPYRhoqLsXRnw==}
    dev: false

  /@mapbox/jsonlint-lines-primitives/2.0.2:
    resolution: {integrity: sha512-rY0o9A5ECsTQRVhv7tL/OyDpGAoUB4tTvLiW1DSzQGq4bvTPhNw1VpSNjDJc5GFZ2XuyOtSWSVN05qOtcD71qQ==}
    engines: {node: '>= 0.6'}
    dev: false

  /@mapbox/mapbox-gl-supported/1.5.0_mapbox-gl@1.13.3:
    resolution: {integrity: sha512-/PT1P6DNf7vjEEiPkVIRJkvibbqWtqnyGaBz3nfRdcxclNSnSdaLU5tfAgcD7I8Yt5i+L19s406YLl1koLnLbg==}
    peerDependencies:
      mapbox-gl: '>=0.32.1 <2.0.0'
    dependencies:
      mapbox-gl: 1.13.3
    dev: false

  /@mapbox/point-geometry/0.1.0:
    resolution: {integrity: sha512-6j56HdLTwWGO0fJPlrZtdU/B13q8Uwmo18Ck2GnGgN9PCFyKTZ3UbXeEdRFh18i9XQ92eH2VdtpJHpBD3aripQ==}
    dev: false

  /@mapbox/tiny-sdf/1.2.5:
    resolution: {integrity: sha512-cD8A/zJlm6fdJOk6DqPUV8mcpyJkRz2x2R+/fYcWDYG3oWbG7/L7Yl/WqQ1VZCjnL9OTIMAn6c+BC5Eru4sQEw==}
    dev: false

  /@mapbox/tiny-sdf/2.0.6:
    resolution: {integrity: sha512-qMqa27TLw+ZQz5Jk+RcwZGH7BQf5G/TrutJhspsca/3SHwmgKQ1iq+d3Jxz5oysPVYTGP6aXxCo5Lk9Er6YBAA==}
    dev: false

  /@mapbox/unitbezier/0.0.0:
    resolution: {integrity: sha512-HPnRdYO0WjFjRTSwO3frz1wKaU649OBFPX3Zo/2WZvuRi6zMiRGui8SnPQiQABgqCf8YikDe5t3HViTVw1WUzA==}
    dev: false

  /@mapbox/vector-tile/1.3.1:
    resolution: {integrity: sha512-MCEddb8u44/xfQ3oD+Srl/tNcQoqTw3goGk2oLsrFxOTc3dUp+kAnby3PvAeeBYSMSjSPD1nd1AJA6W49WnoUw==}
    dependencies:
      '@mapbox/point-geometry': 0.1.0
    dev: false

  /@mapbox/whoots-js/3.1.0:
    resolution: {integrity: sha512-Es6WcD0nO5l+2BOQS4uLfNPYQaNDfbot3X1XUoloz+x0mPDS3eeORZJl06HXjwBG1fOGwCRnzK88LMdxKRrd6Q==}
    engines: {node: '>=6.0.0'}
    dev: false

  /@math.gl/core/3.6.3:
    resolution: {integrity: sha512-jBABmDkj5uuuE0dTDmwwss7Cup5ZwQ6Qb7h1pgvtkEutTrhkcv8SuItQNXmF45494yIHeoGue08NlyeY6wxq2A==}
    dependencies:
      '@babel/runtime': 7.22.6
      '@math.gl/types': 3.6.3
      gl-matrix: 3.4.3
    dev: false

  /@math.gl/polygon/3.6.3:
    resolution: {integrity: sha512-FivQ1ZnYcAss1wVifOkHP/ZnlfQy1IL/769uzNtiHxwUbW0kZG3yyOZ9I7fwyzR5Hvqt3ErJKHjSYZr0uVlz5g==}
    dependencies:
      '@math.gl/core': 3.6.3
    dev: false

  /@math.gl/sun/3.6.3:
    resolution: {integrity: sha512-mrx6CGYYeTNSQttvcw0KVUy+35YDmnjMqpO/o0t06Vcghrt0HNruB/ScRgUSbJrgkbOg1Vcqm23HBd++clzQzw==}
    dependencies:
      '@babel/runtime': 7.22.6
    dev: false

  /@math.gl/types/3.6.3:
    resolution: {integrity: sha512-3uWLVXHY3jQxsXCr/UCNPSc2BG0hNUljhmOBt9l+lNFDp7zHgm0cK2Tw4kj2XfkJy4TgwZTBGwRDQgWEbLbdTA==}
    dev: false

  /@math.gl/web-mercator/3.6.3:
    resolution: {integrity: sha512-UVrkSOs02YLehKaehrxhAejYMurehIHPfFQvPFZmdJHglHOU4V2cCUApTVEwOksvCp161ypEqVp+9H6mGhTTcw==}
    dependencies:
      '@babel/runtime': 7.22.6
      gl-matrix: 3.4.3
    dev: false

  /@probe.gl/env/3.6.0:
    resolution: {integrity: sha512-4tTZYUg/8BICC3Yyb9rOeoKeijKbZHRXBEKObrfPmX4sQmYB15ZOUpoVBhAyJkOYVAM8EkPci6Uw5dLCwx2BEQ==}
    dependencies:
      '@babel/runtime': 7.22.6
    dev: false

  /@probe.gl/env/4.0.4:
    resolution: {integrity: sha512-sYNGqesDfWD6dFP5oNZtTeFA4Z6ak5T4a8BNPdNhoqy7PK9w70JHrb6mv+RKWqKXq33KiwCDWL7fYxx2HuEH2w==}
    dependencies:
      '@babel/runtime': 7.22.6
    dev: false

  /@probe.gl/log/3.6.0:
    resolution: {integrity: sha512-hjpyenpEvOdowgZ1qMeCJxfRD4JkKdlXz0RC14m42Un62NtOT+GpWyKA4LssT0+xyLULCByRAtG2fzZorpIAcA==}
    dependencies:
      '@babel/runtime': 7.22.6
      '@probe.gl/env': 3.6.0
    dev: false

  /@probe.gl/log/4.0.4:
    resolution: {integrity: sha512-WpmXl6njlBMwrm8HBh/b4kSp/xnY1VVmeT4PWUKF+RkVbFuKQbsU11dA1IxoMd7gSY+5DGIwxGfAv1H5OMzA4A==}
    dependencies:
      '@babel/runtime': 7.22.6
      '@probe.gl/env': 4.0.4
    dev: false

  /@probe.gl/stats/3.6.0:
    resolution: {integrity: sha512-JdALQXB44OP4kUBN/UrQgzbJe4qokbVF4Y8lkIA8iVCFnjVowWIgkD/z/0QO65yELT54tTrtepw1jScjKB+rhQ==}
    dependencies:
      '@babel/runtime': 7.22.6
    dev: false

  /@probe.gl/stats/4.0.4:
    resolution: {integrity: sha512-SDuSY/D4yDL6LQDa69l/GCcnZLRiGYdyvYkxWb0CgnzTPdPrcdrzGkzkvpC3zsA4fEFw2smlDje370QGHwlisg==}
    dependencies:
      '@babel/runtime': 7.22.6
    dev: false

  /@types/geojson/7946.0.10:
    resolution: {integrity: sha512-Nmh0K3iWQJzniTuPRcJn5hxXkfB1T1pgB89SBig5PlJQU5yocazeu4jATJlaA0GYFKWMqDdvYemoSnF2pXgLVA==}
    dev: false

  /@types/hammerjs/2.0.41:
    resolution: {integrity: sha512-ewXv/ceBaJprikMcxCmWU1FKyMAQ2X7a9Gtmzw8fcg2kIePI1crERDM818W+XYrxqdBBOdlf2rm137bU+BltCA==}
    dev: false

  /@types/mapbox-gl/2.7.11:
    resolution: {integrity: sha512-4vSwPSTQIawZTFRiTY2R74aZwAiM9gE6KGj871xdyAPpa+DmEObXxQQXqL2PsMH31/rP9nxJ2Kv0boeTVJMXVw==}
    dependencies:
      '@types/geojson': 7946.0.10
    dev: false

  /@types/offscreencanvas/2019.7.0:
    resolution: {integrity: sha512-PGcyveRIpL1XIqK8eBsmRBt76eFgtzuPiSTyKHZxnGemp2yzGzWpjYKAfK3wIMiU7eH+851yEpiuP8JZerTmWg==}
    dev: false

  /csscolorparser/1.0.3:
    resolution: {integrity: sha512-umPSgYwZkdFoUrH5hIq5kf0wPSXiro51nPw0j2K/c83KflkPSTBGMz6NJvMB+07VlL0y7VPo6QJcDjcgKTTm3w==}
    dev: false

  /d3-hexbin/0.2.2:
    resolution: {integrity: sha512-KS3fUT2ReD4RlGCjvCEm1RgMtp2NFZumdMu4DBzQK8AZv3fXRM6Xm8I4fSU07UXvH4xxg03NwWKWdvxfS/yc4w==}
    dev: false

  /earcut/2.2.4:
    resolution: {integrity: sha512-/pjZsA1b4RPHbeWZQn66SWS8nZZWLQQ23oE3Eam7aroEFGEvwKAsJfZ9ytiEMycfzXWpca4FA9QIOehf7PocBQ==}
    dev: false

  /esbuild/0.18.11:
    resolution: {integrity: sha512-i8u6mQF0JKJUlGR3OdFLKldJQMMs8OqM9Cc3UCi9XXziJ9WERM5bfkHaEAy0YAvPRMgqSW55W7xYn84XtEFTtA==}
    engines: {node: '>=12'}
    hasBin: true
    requiresBuild: true
    optionalDependencies:
      '@esbuild/android-arm': 0.18.11
      '@esbuild/android-arm64': 0.18.11
      '@esbuild/android-x64': 0.18.11
      '@esbuild/darwin-arm64': 0.18.11
      '@esbuild/darwin-x64': 0.18.11
      '@esbuild/freebsd-arm64': 0.18.11
      '@esbuild/freebsd-x64': 0.18.11
      '@esbuild/linux-arm': 0.18.11
      '@esbuild/linux-arm64': 0.18.11
      '@esbuild/linux-ia32': 0.18.11
      '@esbuild/linux-loong64': 0.18.11
      '@esbuild/linux-mips64el': 0.18.11
      '@esbuild/linux-ppc64': 0.18.11
      '@esbuild/linux-riscv64': 0.18.11
      '@esbuild/linux-s390x': 0.18.11
      '@esbuild/linux-x64': 0.18.11
      '@esbuild/netbsd-x64': 0.18.11
      '@esbuild/openbsd-x64': 0.18.11
      '@esbuild/sunos-x64': 0.18.11
      '@esbuild/win32-arm64': 0.18.11
      '@esbuild/win32-ia32': 0.18.11
      '@esbuild/win32-x64': 0.18.11
    dev: true

  /fsevents/2.3.2:
    resolution: {integrity: sha512-xiqMQR4xAeHTuB9uWm+fFRcIOgKBMiOBP+eXiyT7jsgVCq1bkVygt00oASowB7EdtpOHaaPgKt812P9ab+DDKA==}
    engines: {node: ^8.16.0 || ^10.6.0 || >=11.0.0}
    os: [darwin]
    requiresBuild: true
    dev: true
    optional: true

  /geojson-vt/3.2.1:
    resolution: {integrity: sha512-EvGQQi/zPrDA6zr6BnJD/YhwAkBP8nnJ9emh3EnHQKVMfg/MRVtPbMYdgVy/IaEmn4UfagD2a6fafPDL5hbtwg==}
    dev: false

  /get-stream/6.0.1:
    resolution: {integrity: sha512-ts6Wi+2j3jQjqi70w5AlN8DFnkSwC+MqmxEzdEALB2qXZYV3X/b1CTfgPLGJNMeAWxdPfU8FO1ms3NUfaHCPYg==}
    engines: {node: '>=10'}
    dev: false

  /gl-matrix/3.4.3:
    resolution: {integrity: sha512-wcCp8vu8FT22BnvKVPjXa/ICBWRq/zjFfdofZy1WSpQZpphblv12/bOQLBC1rMM7SGOFS9ltVmKOHil5+Ml7gA==}
    dev: false

  /grid-index/1.1.0:
    resolution: {integrity: sha512-HZRwumpOGUrHyxO5bqKZL0B0GlUpwtCAzZ42sgxUPniu33R1LSFH5yrIcBCHjkctCAh3mtWKcKd9J4vDDdeVHA==}
    dev: false

  /hammerjs/2.0.8:
    resolution: {integrity: sha512-tSQXBXS/MWQOn/RKckawJ61vvsDpCom87JgxiYdGwHdOa0ht0vzUWDlfioofFCRU0L+6NGDt6XzbgoJvZkMeRQ==}
    engines: {node: '>=0.8.0'}
    dev: false

  /ieee754/1.2.1:
    resolution: {integrity: sha512-dcyqhDvX1C46lXZcVqCpK+FtMRQVdIMN6/Df5js2zouUsqG7I6sFxitIC+7KYK29KdXOLHdu9zL4sFnoVQnqaA==}
    dev: false

  /kdbush/3.0.0:
    resolution: {integrity: sha512-hRkd6/XW4HTsA9vjVpY9tuXJYLSlelnkTmVFu4M9/7MIYQtFcHpbugAU7UbOfjOiVSVYl2fqgBuJ32JUmRo5Ew==}
    dev: false

  /mapbox-gl/1.13.3:
    resolution: {integrity: sha512-p8lJFEiqmEQlyv+DQxFAOG/XPWN0Wp7j/Psq93Zywz7qt9CcUKFYDBOoOEKzqe6gudHVJY8/Bhqw6VDpX2lSBg==}
    engines: {node: '>=6.4.0'}
    dependencies:
      '@mapbox/geojson-rewind': 0.5.2
      '@mapbox/geojson-types': 1.0.2
      '@mapbox/jsonlint-lines-primitives': 2.0.2
      '@mapbox/mapbox-gl-supported': 1.5.0_mapbox-gl@1.13.3
      '@mapbox/point-geometry': 0.1.0
      '@mapbox/tiny-sdf': 1.2.5
      '@mapbox/unitbezier': 0.0.0
      '@mapbox/vector-tile': 1.3.1
      '@mapbox/whoots-js': 3.1.0
      csscolorparser: 1.0.3
      earcut: 2.2.4
      geojson-vt: 3.2.1
      gl-matrix: 3.4.3
      grid-index: 1.1.0
      murmurhash-js: 1.0.0
      pbf: 3.2.1
      potpack: 1.0.2
      quickselect: 2.0.0
      rw: 1.3.3
      supercluster: 7.1.5
      tinyqueue: 2.0.3
      vt-pbf: 3.1.3
    dev: false

  /math.gl/3.6.3:
    resolution: {integrity: sha512-Yq9CyECvSDox9+5ETi2+x1bGTY5WvGUGL3rJfC4KPoCZAM51MGfrCm6rIn4yOJUVfMPs2a5RwMD+yGS/n1g3gg==}
    dependencies:
      '@math.gl/core': 3.6.3
    dev: false

  /minimist/1.2.8:
    resolution: {integrity: sha512-2yyAR8qBkN3YuheJanUpWC5U3bb5osDywNB8RzDVlDwDHbocAJveqqj1u8+SVD7jkWT4yvsHCpWqqWqAxb0zCA==}
    dev: false

  /mjolnir.js/2.7.1:
    resolution: {integrity: sha512-72BeUWgTv2cj5aZQKpwL8caNUFhXZ9bDm1hxpNj70XJQ62IBnTZmtv/WPxJvtaVNhzNo+D2U8O6ryNI0zImYcw==}
    engines: {node: '>= 4', npm: '>= 3'}
    dependencies:
      '@types/hammerjs': 2.0.41
      hammerjs: 2.0.8
    dev: false

  /murmurhash-js/1.0.0:
    resolution: {integrity: sha512-TvmkNhkv8yct0SVBSy+o8wYzXjE4Zz3PCesbfs8HiCXXdcTuocApFv11UWlNFWKYsP2okqrhb7JNlSm9InBhIw==}
    dev: false

  /nanoid/3.3.6:
    resolution: {integrity: sha512-BGcqMMJuToF7i1rt+2PWSNVnWIkGCU78jBG3RxO/bZlnZPK2Cmi2QaffxGO/2RvWi9sL+FAiRiXMgsyxQ1DIDA==}
    engines: {node: ^10 || ^12 || ^13.7 || ^14 || >=15.0.1}
    hasBin: true
    dev: true

  /pbf/3.2.1:
    resolution: {integrity: sha512-ClrV7pNOn7rtmoQVF4TS1vyU0WhYRnP92fzbfF75jAIwpnzdJXf8iTd4CMEqO4yUenH6NDqLiwjqlh6QgZzgLQ==}
    hasBin: true
    dependencies:
      ieee754: 1.2.1
      resolve-protobuf-schema: 2.1.0
    dev: false

  /picocolors/1.0.0:
    resolution: {integrity: sha512-1fygroTLlHu66zi26VoTDv8yRgm0Fccecssto+MhsZ0D/DGW2sm8E8AjW7NU5VVTRt5GxbeZ5qBuJr+HyLYkjQ==}
    dev: true

  /postcss/8.4.25:
    resolution: {integrity: sha512-7taJ/8t2av0Z+sQEvNzCkpDynl0tX3uJMCODi6nT3PfASC7dYCWV9aQ+uiCf+KBD4SEFcu+GvJdGdwzQ6OSjCw==}
    engines: {node: ^10 || ^12 || >=14}
    dependencies:
      nanoid: 3.3.6
      picocolors: 1.0.0
      source-map-js: 1.0.2
    dev: true

  /potpack/1.0.2:
    resolution: {integrity: sha512-choctRBIV9EMT9WGAZHn3V7t0Z2pMQyl0EZE6pFc/6ml3ssw7Dlf/oAOvFwjm1HVsqfQN8GfeFyJ+d8tRzqueQ==}
    dev: false

  /protocol-buffers-schema/3.6.0:
    resolution: {integrity: sha512-TdDRD+/QNdrCGCE7v8340QyuXd4kIWIgapsE2+n/SaGiSSbomYl4TjHlvIoCWRpE7wFt02EpB35VVA2ImcBVqw==}
    dev: false

  /quickselect/2.0.0:
    resolution: {integrity: sha512-RKJ22hX8mHe3Y6wH/N3wCM6BWtjaxIyyUIkpHOvfFnxdI4yD4tBXEBKSbriGujF6jnSVkJrffuo6vxACiSSxIw==}
    dev: false

  /regenerator-runtime/0.13.11:
    resolution: {integrity: sha512-kY1AZVr2Ra+t+piVaJ4gxaFaReZVH40AKNo7UCX6W+dEwBo/2oZJzqfuN1qLq1oL45o56cPaTXELwrTh8Fpggg==}
    dev: false

  /resolve-protobuf-schema/2.1.0:
    resolution: {integrity: sha512-kI5ffTiZWmJaS/huM8wZfEMer1eRd7oJQhDuxeCLe3t7N7mX3z94CN0xPxBQxFYQTSNz9T0i+v6inKqSdK8xrQ==}
    dependencies:
      protocol-buffers-schema: 3.6.0
    dev: false

  /rollup/3.26.2:
    resolution: {integrity: sha512-6umBIGVz93er97pMgQO08LuH3m6PUb3jlDUUGFsNJB6VgTCUaDFpupf5JfU30529m/UKOgmiX+uY6Sx8cOYpLA==}
    engines: {node: '>=14.18.0', npm: '>=8.0.0'}
    hasBin: true
    optionalDependencies:
      fsevents: 2.3.2
    dev: true

  /rw/1.3.3:
    resolution: {integrity: sha512-PdhdWy89SiZogBLaw42zdeqtRJ//zFd2PgQavcICDUgJT5oW10QCRKbJ6bg4r0/UY2M6BWd5tkxuGFRvCkgfHQ==}
    dev: false

  /source-map-js/1.0.2:
    resolution: {integrity: sha512-R0XvVJ9WusLiqTCEiGCmICCMplcCkIwwR11mOSD9CR5u+IXYdiseeEuXCVAjS54zqwkLcPNnmU4OeJ6tUrWhDw==}
    engines: {node: '>=0.10.0'}
    dev: true

  /supercluster/7.1.5:
    resolution: {integrity: sha512-EulshI3pGUM66o6ZdH3ReiFcvHpM3vAigyK+vcxdjpJyEbIIrtbmBdY23mGgnI24uXiGFvrGq9Gkum/8U7vJWg==}
    dependencies:
      kdbush: 3.0.0
    dev: false

  /tinyqueue/2.0.3:
    resolution: {integrity: sha512-ppJZNDuKGgxzkHihX8v9v9G5f+18gzaTfrukGrq6ueg0lmH4nqVnA2IPG0AEH3jKEk2GRJCUhDoqpoiw3PHLBA==}
    dev: false

  /vite/4.4.2:
    resolution: {integrity: sha512-zUcsJN+UvdSyHhYa277UHhiJ3iq4hUBwHavOpsNUGsTgjBeoBlK8eDt+iT09pBq0h9/knhG/SPrZiM7cGmg7NA==}
    engines: {node: ^14.18.0 || >=16.0.0}
    hasBin: true
    peerDependencies:
      '@types/node': '>= 14'
      less: '*'
      lightningcss: ^1.21.0
      sass: '*'
      stylus: '*'
      sugarss: '*'
      terser: ^5.4.0
    peerDependenciesMeta:
      '@types/node':
        optional: true
      less:
        optional: true
      lightningcss:
        optional: true
      sass:
        optional: true
      stylus:
        optional: true
      sugarss:
        optional: true
      terser:
        optional: true
    dependencies:
      esbuild: 0.18.11
      postcss: 8.4.25
      rollup: 3.26.2
    optionalDependencies:
      fsevents: 2.3.2
    dev: true

  /vt-pbf/3.1.3:
    resolution: {integrity: sha512-2LzDFzt0mZKZ9IpVF2r69G9bXaP2Q2sArJCmcCgvfTdCCZzSyz4aCLoQyUilu37Ll56tCblIZrXFIjNUpGIlmA==}
    dependencies:
      '@mapbox/point-geometry': 0.1.0
      '@mapbox/vector-tile': 1.3.1
      pbf: 3.2.1
    dev: false
